
Microsoft Visual Studio Solution File, Format Version 12.00
# Visual Studio Version 17
VisualStudioVersion = 17.7.34024.191
MinimumVisualStudioVersion = 10.0.40219.1
Project("{FAE04EC0-301F-11D3-BF4B-00C04F79EFBC}") = "lab_work_1_2", "lab_work_1_2\lab_work_1_2.csproj", "{F68AF6D3-4D3F-42E5-BBBD-34D8A6E943DC}"
EndProject
Global
	GlobalSection(SolutionConfigurationPlatforms) = preSolution
		Debug|Any CPU = Debug|Any CPU
		Release|Any CPU = Release|Any CPU
	EndGlobalSection
	GlobalSection(ProjectConfigurationPlatforms) = postSolution
		{F68AF6D3-4D3F-42E5-BBBD-34D8A6E943DC}.Debug|Any CPU.ActiveCfg = Debug|Any CPU
		{F68AF6D3-4D3F-42E5-BBBD-34D8A6E943DC}.Debug|Any CPU.Build.0 = Debug|Any CPU
		{F68AF6D3-4D3F-42E5-BBBD-34D8A6E943DC}.Release|Any CPU.ActiveCfg = Release|Any CPU
		{F68AF6D3-4D3F-42E5-BBBD-34D8A6E943DC}.Release|Any CPU.Build.0 = Release|Any CPU
	EndGlobalSection
	GlobalSection(SolutionProperties) = preSolution
		HideSolutionNode = FALSE
	EndGlobalSection
	GlobalSection(ExtensibilityGlobals) = postSolution
		SolutionGuid = {2D12E415-8768-48C1-BDB2-382B5CE641AE}
	EndGlobalSection
EndGlobal
